// !$*UTF8*$!
{
	archiveVersion = 1;
	classes = {
	};
	objectVersion = 46;
	objects = {

/* Begin PBXBuildFile section */
		8455676B1CB3C48F00702750 /* main.m in Sources */ = {isa = PBXBuildFile; fileRef = 8455676A1CB3C48F00702750 /* main.m */; };
		8455676E1CB3C48F00702750 /* AppDelegate.m in Sources */ = {isa = PBXBuildFile; fileRef = 8455676D1CB3C48F00702750 /* AppDelegate.m */; };
		845567711CB3C48F00702750 /* MasterViewController.m in Sources */ = {isa = PBXBuildFile; fileRef = 845567701CB3C48F00702750 /* MasterViewController.m */; };
		845567741CB3C48F00702750 /* DetailViewController.m in Sources */ = {isa = PBXBuildFile; fileRef = 845567731CB3C48F00702750 /* DetailViewController.m */; };
		845567771CB3C48F00702750 /* Main.storyboard in Resources */ = {isa = PBXBuildFile; fileRef = 845567751CB3C48F00702750 /* Main.storyboard */; };
		845567791CB3C48F00702750 /* Assets.xcassets in Resources */ = {isa = PBXBuildFile; fileRef = 845567781CB3C48F00702750 /* Assets.xcassets */; };
		8455677C1CB3C48F00702750 /* LaunchScreen.storyboard in Resources */ = {isa = PBXBuildFile; fileRef = 8455677A1CB3C48F00702750 /* LaunchScreen.storyboard */; };
		845567851CB3C4B400702750 /* Model.xcdatamodeld in Sources */ = {isa = PBXBuildFile; fileRef = 845567831CB3C4B400702750 /* Model.xcdatamodeld */; };
/* End PBXBuildFile section */

/* Begin PBXFileReference section */
		845567661CB3C48F00702750 /* Articles.app */ = {isa = PBXFileReference; explicitFileType = wrapper.application; includeInIndex = 0; path = Articles.app; sourceTree = BUILT_PRODUCTS_DIR; };
		8455676A1CB3C48F00702750 /* main.m */ = {isa = PBXFileReference; lastKnownFileType = sourcecode.c.objc; path = main.m; sourceTree = "<group>"; };
		8455676C1CB3C48F00702750 /* AppDelegate.h */ = {isa = PBXFileReference; lastKnownFileType = sourcecode.c.h; path = AppDelegate.h; sourceTree = "<group>"; };
		8455676D1CB3C48F00702750 /* AppDelegate.m */ = {isa = PBXFileReference; lastKnownFileType = sourcecode.c.objc; path = AppDelegate.m; sourceTree = "<group>"; };
		8455676F1CB3C48F00702750 /* MasterViewController.h */ = {isa = PBXFileReference; lastKnownFileType = sourcecode.c.h; path = MasterViewController.h; sourceTree = "<group>"; };
		845567701CB3C48F00702750 /* MasterViewController.m */ = {isa = PBXFileReference; lastKnownFileType = sourcecode.c.objc; path = MasterViewController.m; sourceTree = "<group>"; };
		845567721CB3C48F00702750 /* DetailViewController.h */ = {isa = PBXFileReference; lastKnownFileType = sourcecode.c.h; path = DetailViewController.h; sourceTree = "<group>"; };
		845567731CB3C48F00702750 /* DetailViewController.m */ = {isa = PBXFileReference; lastKnownFileType = sourcecode.c.objc; path = DetailViewController.m; sourceTree = "<group>"; };
		845567761CB3C48F00702750 /* Base */ = {isa = PBXFileReference; lastKnownFileType = file.storyboard; name = Base; path = Base.lproj/Main.storyboard; sourceTree = "<group>"; };
		845567781CB3C48F00702750 /* Assets.xcassets */ = {isa = PBXFileReference; lastKnownFileType = folder.assetcatalog; path = Assets.xcassets; sourceTree = "<group>"; };
		8455677B1CB3C48F00702750 /* Base */ = {isa = PBXFileReference; lastKnownFileType = file.storyboard; name = Base; path = Base.lproj/LaunchScreen.storyboard; sourceTree = "<group>"; };
		8455677D1CB3C48F00702750 /* Info.plist */ = {isa = PBXFileReference; lastKnownFileType = text.plist.xml; path = Info.plist; sourceTree = "<group>"; };
		845567841CB3C4B400702750 /* Model.xcdatamodel */ = {isa = PBXFileReference; lastKnownFileType = wrapper.xcdatamodel; path = Model.xcdatamodel; sourceTree = "<group>"; };
/* End PBXFileReference section */

/* Begin PBXFrameworksBuildPhase section */
		845567631CB3C48F00702750 /* Frameworks */ = {
			isa = PBXFrameworksBuildPhase;
			buildActionMask = 2147483647;
			files = (
			);
			runOnlyForDeploymentPostprocessing = 0;
		};
/* End PBXFrameworksBuildPhase section */

/* Begin PBXGroup section */
		8455675D1CB3C48F00702750 = {
			isa = PBXGroup;
			children = (
				845567831CB3C4B400702750 /* Model.xcdatamodeld */,
				845567681CB3C48F00702750 /* Articles */,
				845567671CB3C48F00702750 /* Products */,
			);
			sourceTree = "<group>";
		};
		845567671CB3C48F00702750 /* Products */ = {
			isa = PBXGroup;
			children = (
				845567661CB3C48F00702750 /* Articles.app */,
			);
			name = Products;
			sourceTree = "<group>";
		};
		845567681CB3C48F00702750 /* Articles */ = {
			isa = PBXGroup;
			children = (
				8455676C1CB3C48F00702750 /* AppDelegate.h */,
				8455676D1CB3C48F00702750 /* AppDelegate.m */,
				8455676F1CB3C48F00702750 /* MasterViewController.h */,
				845567701CB3C48F00702750 /* MasterViewController.m */,
				845567721CB3C48F00702750 /* DetailViewController.h */,
				845567731CB3C48F00702750 /* DetailViewController.m */,
				845567751CB3C48F00702750 /* Main.storyboard */,
				845567781CB3C48F00702750 /* Assets.xcassets */,
				8455677A1CB3C48F00702750 /* LaunchScreen.storyboard */,
				8455677D1CB3C48F00702750 /* Info.plist */,
				845567691CB3C48F00702750 /* Supporting Files */,
			);
			path = Articles;
			sourceTree = "<group>";
		};
		845567691CB3C48F00702750 /* Supporting Files */ = {
			isa = PBXGroup;
			children = (
				8455676A1CB3C48F00702750 /* main.m */,
			);
			name = "Supporting Files";
			sourceTree = "<group>";
		};
/* End PBXGroup section */

/* Begin PBXNativeTarget section */
		845567651CB3C48F00702750 /* Articles */ = {
			isa = PBXNativeTarget;
			buildConfigurationList = 845567801CB3C48F00702750 /* Build configuration list for PBXNativeTarget "Articles" */;
			buildPhases = (
				845567621CB3C48F00702750 /* Sources */,
				845567631CB3C48F00702750 /* Frameworks */,
				845567641CB3C48F00702750 /* Resources */,
			);
			buildRules = (
			);
			dependencies = (
			);
			name = Articles;
			productName = Articles;
			productReference = 845567661CB3C48F00702750 /* Articles.app */;
			productType = "com.apple.product-type.application";
		};
/* End PBXNativeTarget section */

/* Begin PBXProject section */
		8455675E1CB3C48F00702750 /* Project object */ = {
			isa = PBXProject;
			attributes = {
				LastUpgradeCheck = 0730;
				ORGANIZATIONNAME = Admin;
				TargetAttributes = {
					845567651CB3C48F00702750 = {
						CreatedOnToolsVersion = 7.3;
					};
				};
			};
			buildConfigurationList = 845567611CB3C48F00702750 /* Build configuration list for PBXProject "Articles" */;
			compatibilityVersion = "Xcode 3.2";
			developmentRegion = English;
			hasScannedForEncodings = 0;
			knownRegions = (
				en,
				Base,
			);
			mainGroup = 8455675D1CB3C48F00702750;
			productRefGroup = 845567671CB3C48F00702750 /* Products */;
			projectDirPath = "";
			projectRoot = "";
			targets = (
				845567651CB3C48F00702750 /* Articles */,
			);
		};
/* End PBXProject section */

/* Begin PBXResourcesBuildPhase section */
		845567641CB3C48F00702750 /* Resources */ = {
			isa = PBXResourcesBuildPhase;
			buildActionMask = 2147483647;
			files = (
				8455677C1CB3C48F00702750 /* LaunchScreen.storyboard in Resources */,
				845567791CB3C48F00702750 /* Assets.xcassets in Resources */,
				845567771CB3C48F00702750 /* Main.storyboard in Resources */,
			);
			runOnlyForDeploymentPostprocessing = 0;
		};
/* End PBXResourcesBuildPhase section */

/* Begin PBXSourcesBuildPhase section */
		845567621CB3C48F00702750 /* Sources */ = {
			isa = PBXSourcesBuildPhase;
			buildActionMask = 2147483647;
			files = (
				8455676E1CB3C48F00702750 /* AppDelegate.m in Sources */,
				845567711CB3C48F00702750 /* MasterViewController.m in Sources */,
				845567851CB3C4B400702750 /* Model.xcdatamodeld in Sources */,
				8455676B1CB3C48F00702750 /* main.m in Sources */,
				845567741CB3C48F00702750 /* DetailViewController.m in Sources */,
			);
			runOnlyForDeploymentPostprocessing = 0;
		};
/* End PBXSourcesBuildPhase section */

/* Begin PBXVariantGroup section */
		845567751CB3C48F00702750 /* Main.storyboard */ = {
			isa = PBXVariantGroup;
			children = (
				845567761CB3C48F00702750 /* Base */,
			);
			name = Main.storyboard;
			sourceTree = "<group>";
		};
		8455677A1CB3C48F00702750 /* LaunchScreen.storyboard */ = {
			isa = PBXVariantGroup;
			children = (
				8455677B1CB3C48F00702750 /* Base */,
			);
			name = LaunchScreen.storyboard;
			sourceTree = "<group>";
		};
/* End PBXVariantGroup section */

/* Begin XCBuildConfiguration section */
		8455677E1CB3C48F00702750 /* Debug */ = {
			isa = XCBuildConfiguration;
			buildSettings = {
				ALWAYS_SEARCH_USER_PATHS = NO;
				CLANG_ANALYZER_NONNULL = YES;
				CLANG_CXX_LANGUAGE_STANDARD = "gnu++0x";
				CLANG_CXX_LIBRARY = "libc++";
				CLANG_ENABLE_MODULES = YES;
				CLANG_ENABLE_OBJC_ARC = YES;
				CLANG_WARN_BOOL_CONVERSION = YES;
				CLANG_WARN_CONSTANT_CONVERSION = YES;
				CLANG_WARN_DIRECT_OBJC_ISA_USAGE = YES_ERROR;
				CLANG_WARN_EMPTY_BODY = YES;
				CLANG_WARN_ENUM_CONVERSION = YES;
				CLANG_WARN_INT_CONVERSION = YES;
				CLANG_WARN_OBJC_ROOT_CLASS = YES_ERROR;
				CLANG_WARN_UNREACHABLE_CODE = YES;
				CLANG_WARN__DUPLICATE_METHOD_MATCH = YES;
				"CODE_SIGN_IDENTITY[sdk=iphoneos*]" = "iPhone Developer";
				COPY_PHASE_STRIP = NO;
				DEBUG_INFORMATION_FORMAT = dwarf;
				ENABLE_STRICT_OBJC_MSGSEND = YES;
				ENABLE_TESTABILITY = YES;
				GCC_C_LANGUAGE_STANDARD = gnu99;
				GCC_DYNAMIC_NO_PIC = NO;
				GCC_NO_COMMON_BLOCKS = YES;
				GCC_OPTIMIZATION_LEVEL = 0;
				GCC_PREPROCESSOR_DEFINITIONS = (
					"DEBUG=1",
					"$(inherited)",
				);
				GCC_WARN_64_TO_32_BIT_CONVERSION = YES;
				GCC_WARN_ABOUT_RETURN_TYPE = YES_ERROR;
				GCC_WARN_UNDECLARED_SELECTOR = YES;
				GCC_WARN_UNINITIALIZED_AUTOS = YES_AGGRESSIVE;
				GCC_WARN_UNUSED_FUNCTION = YES;
				GCC_WARN_UNUSED_VARIABLE = YES;
				IPHONEOS_DEPLOYMENT_TARGET = 9.3;
				MTL_ENABLE_DEBUG_INFO = YES;
				ONLY_ACTIVE_ARCH = YES;
				SDKROOT = iphoneos;
			};
			name = Debug;
		};
		8455677F1CB3C48F00702750 /* Release */ = {
			isa = XCBuildConfiguration;
			buildSettings = {
				ALWAYS_SEARCH_USER_PATHS = NO;
				CLANG_ANALYZER_NONNULL = YES;
				CLANG_CXX_LANGUAGE_STANDARD = "gnu++0x";
				CLANG_CXX_LIBRARY = "libc++";
				CLANG_ENABLE_MODULES = YES;
				CLANG_ENABLE_OBJC_ARC = YES;
				CLANG_WARN_BOOL_CONVERSION = YES;
				CLANG_WARN_CONSTANT_CONVERSION = YES;
				CLANG_WARN_DIRECT_OBJC_ISA_USAGE = YES_ERROR;
				CLANG_WARN_EMPTY_BODY = YES;
				CLANG_WARN_ENUM_CONVERSION = YES;
				CLANG_WARN_INT_CONVERSION = YES;
				CLANG_WARN_OBJC_ROOT_CLASS = YES_ERROR;
				CLANG_WARN_UNREACHABLE_CODE = YES;
				CLANG_WARN__DUPLICATE_METHOD_MATCH = YES;
				"CODE_SIGN_IDENTITY[sdk=iphoneos*]" = "iPhone Developer";
				COPY_PHASE_STRIP = NO;
				DEBUG_INFORMATION_FORMAT = "dwarf-with-dsym";
				ENABLE_NS_ASSERTIONS = NO;
				ENABLE_STRICT_OBJC_MSGSEND = YES;
				GCC_C_LANGUAGE_STANDARD = gnu99;
				GCC_NO_COMMON_BLOCKS = YES;
				GCC_WARN_64_TO_32_BIT_CONVERSION = YES;
				GCC_WARN_ABOUT_RETURN_TYPE = YES_ERROR;
				GCC_WARN_UNDECLARED_SELECTOR = YES;
				GCC_WARN_UNINITIALIZED_AUTOS = YES_AGGRESSIVE;
				GCC_WARN_UNUSED_FUNCTION = YES;
				GCC_WARN_UNUSED_VARIABLE = YES;
				IPHONEOS_DEPLOYMENT_TARGET = 9.3;
				MTL_ENABLE_DEBUG_INFO = NO;
				SDKROOT = iphoneos;
				VALIDATE_PRODUCT = YES;
			};
			name = Release;
		};
		845567811CB3C48F00702750 /* Debug */ = {
			isa = XCBuildConfiguration;
			buildSettings = {
				ASSETCATALOG_COMPILER_APPICON_NAME = AppIcon;
				INFOPLIST_FILE = Articles/Info.plist;
				LD_RUNPATH_SEARCH_PATHS = "$(inherited) @executable_path/Frameworks";
				PRODUCT_BUNDLE_IDENTIFIER = com.test.Articles;
				PRODUCT_NAME = "$(TARGET_NAME)";
			};
			name = Debug;
		};
		845567821CB3C48F00702750 /* Release */ = {
			isa = XCBuildConfiguration;
			buildSettings = {
				ASSETCATALOG_COMPILER_APPICON_NAME = AppIcon;
				INFOPLIST_FILE = Articles/Info.plist;
				LD_RUNPATH_SEARCH_PATHS = "$(inherited) @executable_path/Frameworks";
				PRODUCT_BUNDLE_IDENTIFIER = com.test.Articles;
				PRODUCT_NAME = "$(TARGET_NAME)";
			};
			name = Release;
		};
/* End XCBuildConfiguration section */

/* Begin XCConfigurationList section */
		845567611CB3C48F00702750 /* Build configuration list for PBXProject "Articles" */ = {
			isa = XCConfigurationList;
			buildConfigurations = (
				8455677E1CB3C48F00702750 /* Debug */,
				8455677F1CB3C48F00702750 /* Release */,
			);
			defaultConfigurationIsVisible = 0;
			defaultConfigurationName = Release;
		};
		845567801CB3C48F00702750 /* Build configuration list for PBXNativeTarget "Articles" */ = {
			isa = XCConfigurationList;
			buildConfigurations = (
				845567811CB3C48F00702750 /* Debug */,
				845567821CB3C48F00702750 /* Release */,
			);
			defaultConfigurationIsVisible = 0;
		};
/* End XCConfigurationList section */

/* Begin XCVersionGroup section */
		845567831CB3C4B400702750 /* Model.xcdatamodeld */ = {
			isa = XCVersionGroup;
			children = (
				845567841CB3C4B400702750 /* Model.xcdatamodel */,
			);
			currentVersion = 845567841CB3C4B400702750 /* Model.xcdatamodel */;
			path = Model.xcdatamodeld;
			sourceTree = "<group>";
			versionGroupType = wrapper.xcdatamodel;
		};
/* End XCVersionGroup section */
	};
	rootObject = 8455675E1CB3C48F00702750 /* Project object */;
}
